
Microsoft Visual Studio Solution File, Format Version 12.00
# Visual Studio 15
Project("{FAE04EC0-301F-11D3-BF4B-00C04F79EFBC}") = "Variables", "Variables\Variables.csproj", "{F8522952-67F0-488D-9914-8284382A1B11}"
EndProject
Global
	GlobalSection(SolutionConfigurationPlatforms) = preSolution
		Debug|anycpu = Debug|anycpu
		Release|anycpu = Release|anycpu
	EndGlobalSection
	GlobalSection(ProjectConfigurationPlatforms) = postSolution
		{F8522952-67F0-488D-9914-8284382A1B11}.Debug|anycpu.ActiveCfg = Debug|anycpu
		{F8522952-67F0-488D-9914-8284382A1B11}.Debug|anycpu.Build.0 = Debug|anycpu
		{F8522952-67F0-488D-9914-8284382A1B11}.Release|anycpu.ActiveCfg = Release|anycpu
		{F8522952-67F0-488D-9914-8284382A1B11}.Release|anycpu.Build.0 = Release|anycpu
	EndGlobalSection
EndGlobal
