
Microsoft Visual Studio Solution File, Format Version 12.00
# Visual Studio 15
Project("{FAE04EC0-301F-11D3-BF4B-00C04F79EFBC}") = "Loops", "Loops.csproj", "{ACCE6327-7022-471A-B3A2-7128333763E0}"
EndProject
Global
	GlobalSection(SolutionConfigurationPlatforms) = preSolution
		Debug|anycpu = Debug|anycpu
		Release|anycpu = Release|anycpu
	EndGlobalSection
	GlobalSection(ProjectConfigurationPlatforms) = postSolution
		{ACCE6327-7022-471A-B3A2-7128333763E0}.Debug|anycpu.ActiveCfg = Debug|anycpu
		{ACCE6327-7022-471A-B3A2-7128333763E0}.Debug|anycpu.Build.0 = Debug|anycpu
		{ACCE6327-7022-471A-B3A2-7128333763E0}.Release|anycpu.ActiveCfg = Release|anycpu
		{ACCE6327-7022-471A-B3A2-7128333763E0}.Release|anycpu.Build.0 = Release|anycpu
	EndGlobalSection
EndGlobal
